// !$*UTF8*$!
{
	archiveVersion = 1;
	classes = {
	};
	objectVersion = 50;
	objects = {

/* Begin PBXBuildFile section */
		4A80FE4E22BD4F030086B371 /* AppDelegate.swift in Sources */ = {isa = PBXBuildFile; fileRef = 4A80FE4D22BD4F030086B371 /* AppDelegate.swift */; };
		4A80FE5022BD4F030086B371 /* ViewController.swift in Sources */ = {isa = PBXBuildFile; fileRef = 4A80FE4F22BD4F030086B371 /* ViewController.swift */; };
		4A80FE5322BD4F030086B371 /* Main.storyboard in Resources */ = {isa = PBXBuildFile; fileRef = 4A80FE5122BD4F030086B371 /* Main.storyboard */; };
		4A80FE5522BD4F0B0086B371 /* Assets.xcassets in Resources */ = {isa = PBXBuildFile; fileRef = 4A80FE5422BD4F0B0086B371 /* Assets.xcassets */; };
		4A80FE5822BD4F0B0086B371 /* LaunchScreen.storyboard in Resources */ = {isa = PBXBuildFile; fileRef = 4A80FE5622BD4F0B0086B371 /* LaunchScreen.storyboard */; };
		4A80FE6322BD645F0086B371 /* DogAPI.swift in Sources */ = {isa = PBXBuildFile; fileRef = 4A80FE6222BD645F0086B371 /* DogAPI.swift */; };
		4A80FE6522BD6B0A0086B371 /* DogImage.swift in Sources */ = {isa = PBXBuildFile; fileRef = 4A80FE6422BD6B0A0086B371 /* DogImage.swift */; };
		4A80FE6722C14B5B0086B371 /* BreedsListResponse.swift in Sources */ = {isa = PBXBuildFile; fileRef = 4A80FE6622C14B5B0086B371 /* BreedsListResponse.swift */; };
/* End PBXBuildFile section */

/* Begin PBXFileReference section */
		4A80FE4A22BD4F030086B371 /* imgReq.app */ = {isa = PBXFileReference; explicitFileType = wrapper.application; includeInIndex = 0; path = imgReq.app; sourceTree = BUILT_PRODUCTS_DIR; };
		4A80FE4D22BD4F030086B371 /* AppDelegate.swift */ = {isa = PBXFileReference; lastKnownFileType = sourcecode.swift; path = AppDelegate.swift; sourceTree = "<group>"; };
		4A80FE4F22BD4F030086B371 /* ViewController.swift */ = {isa = PBXFileReference; lastKnownFileType = sourcecode.swift; path = ViewController.swift; sourceTree = "<group>"; };
		4A80FE5222BD4F030086B371 /* Base */ = {isa = PBXFileReference; lastKnownFileType = file.storyboard; name = Base; path = Base.lproj/Main.storyboard; sourceTree = "<group>"; };
		4A80FE5422BD4F0B0086B371 /* Assets.xcassets */ = {isa = PBXFileReference; lastKnownFileType = folder.assetcatalog; path = Assets.xcassets; sourceTree = "<group>"; };
		4A80FE5722BD4F0B0086B371 /* Base */ = {isa = PBXFileReference; lastKnownFileType = file.storyboard; name = Base; path = Base.lproj/LaunchScreen.storyboard; sourceTree = "<group>"; };
		4A80FE5922BD4F0B0086B371 /* Info.plist */ = {isa = PBXFileReference; lastKnownFileType = text.plist.xml; path = Info.plist; sourceTree = "<group>"; };
		4A80FE6222BD645F0086B371 /* DogAPI.swift */ = {isa = PBXFileReference; lastKnownFileType = sourcecode.swift; path = DogAPI.swift; sourceTree = "<group>"; };
		4A80FE6422BD6B0A0086B371 /* DogImage.swift */ = {isa = PBXFileReference; lastKnownFileType = sourcecode.swift; path = DogImage.swift; sourceTree = "<group>"; };
		4A80FE6622C14B5B0086B371 /* BreedsListResponse.swift */ = {isa = PBXFileReference; lastKnownFileType = sourcecode.swift; path = BreedsListResponse.swift; sourceTree = "<group>"; };
/* End PBXFileReference section */

/* Begin PBXFrameworksBuildPhase section */
		4A80FE4722BD4F030086B371 /* Frameworks */ = {
			isa = PBXFrameworksBuildPhase;
			buildActionMask = 2147483647;
			files = (
			);
			runOnlyForDeploymentPostprocessing = 0;
		};
/* End PBXFrameworksBuildPhase section */

/* Begin PBXGroup section */
		4A80FE4122BD4F030086B371 = {
			isa = PBXGroup;
			children = (
				4A80FE4C22BD4F030086B371 /* imgReq */,
				4A80FE4B22BD4F030086B371 /* Products */,
			);
			sourceTree = "<group>";
		};
		4A80FE4B22BD4F030086B371 /* Products */ = {
			isa = PBXGroup;
			children = (
				4A80FE4A22BD4F030086B371 /* imgReq.app */,
			);
			name = Products;
			sourceTree = "<group>";
		};
		4A80FE4C22BD4F030086B371 /* imgReq */ = {
			isa = PBXGroup;
			children = (
				4A80FE6122BD4FB00086B371 /* View */,
				4A80FE6022BD4FA60086B371 /* Controller */,
				4A80FE5F22BD4F9B0086B371 /* Model */,
				4A80FE5922BD4F0B0086B371 /* Info.plist */,
			);
			path = imgReq;
			sourceTree = "<group>";
		};
		4A80FE5F22BD4F9B0086B371 /* Model */ = {
			isa = PBXGroup;
			children = (
				4A80FE6222BD645F0086B371 /* DogAPI.swift */,
				4A80FE6422BD6B0A0086B371 /* DogImage.swift */,
				4A80FE6622C14B5B0086B371 /* BreedsListResponse.swift */,
			);
			path = Model;
			sourceTree = "<group>";
		};
		4A80FE6022BD4FA60086B371 /* Controller */ = {
			isa = PBXGroup;
			children = (
				4A80FE4D22BD4F030086B371 /* AppDelegate.swift */,
				4A80FE4F22BD4F030086B371 /* ViewController.swift */,
			);
			path = Controller;
			sourceTree = "<group>";
		};
		4A80FE6122BD4FB00086B371 /* View */ = {
			isa = PBXGroup;
			children = (
				4A80FE5122BD4F030086B371 /* Main.storyboard */,
				4A80FE5422BD4F0B0086B371 /* Assets.xcassets */,
				4A80FE5622BD4F0B0086B371 /* LaunchScreen.storyboard */,
			);
			path = View;
			sourceTree = "<group>";
		};
/* End PBXGroup section */

/* Begin PBXNativeTarget section */
		4A80FE4922BD4F030086B371 /* imgReq */ = {
			isa = PBXNativeTarget;
			buildConfigurationList = 4A80FE5C22BD4F0B0086B371 /* Build configuration list for PBXNativeTarget "imgReq" */;
			buildPhases = (
				4A80FE4622BD4F030086B371 /* Sources */,
				4A80FE4722BD4F030086B371 /* Frameworks */,
				4A80FE4822BD4F030086B371 /* Resources */,
			);
			buildRules = (
			);
			dependencies = (
			);
			name = imgReq;
			productName = imgReq;
			productReference = 4A80FE4A22BD4F030086B371 /* imgReq.app */;
			productType = "com.apple.product-type.application";
		};
/* End PBXNativeTarget section */

/* Begin PBXProject section */
		4A80FE4222BD4F030086B371 /* Project object */ = {
			isa = PBXProject;
			attributes = {
				LastSwiftUpdateCheck = 1020;
				LastUpgradeCheck = 1020;
				ORGANIZATIONNAME = "Hoshiar Sher";
				TargetAttributes = {
					4A80FE4922BD4F030086B371 = {
						CreatedOnToolsVersion = 10.2.1;
					};
				};
			};
			buildConfigurationList = 4A80FE4522BD4F030086B371 /* Build configuration list for PBXProject "imgReq" */;
			compatibilityVersion = "Xcode 9.3";
			developmentRegion = en;
			hasScannedForEncodings = 0;
			knownRegions = (
				en,
				Base,
			);
			mainGroup = 4A80FE4122BD4F030086B371;
			productRefGroup = 4A80FE4B22BD4F030086B371 /* Products */;
			projectDirPath = "";
			projectRoot = "";
			targets = (
				4A80FE4922BD4F030086B371 /* imgReq */,
			);
		};
/* End PBXProject section */

/* Begin PBXResourcesBuildPhase section */
		4A80FE4822BD4F030086B371 /* Resources */ = {
			isa = PBXResourcesBuildPhase;
			buildActionMask = 2147483647;
			files = (
				4A80FE5822BD4F0B0086B371 /* LaunchScreen.storyboard in Resources */,
				4A80FE5522BD4F0B0086B371 /* Assets.xcassets in Resources */,
				4A80FE5322BD4F030086B371 /* Main.storyboard in Resources */,
			);
			runOnlyForDeploymentPostprocessing = 0;
		};
/* End PBXResourcesBuildPhase section */

/* Begin PBXSourcesBuildPhase section */
		4A80FE4622BD4F030086B371 /* Sources */ = {
			isa = PBXSourcesBuildPhase;
			buildActionMask = 2147483647;
			files = (
				4A80FE5022BD4F030086B371 /* ViewController.swift in Sources */,
				4A80FE4E22BD4F030086B371 /* AppDelegate.swift in Sources */,
				4A80FE6722C14B5B0086B371 /* BreedsListResponse.swift in Sources */,
				4A80FE6522BD6B0A0086B371 /* DogImage.swift in Sources */,
				4A80FE6322BD645F0086B371 /* DogAPI.swift in Sources */,
			);
			runOnlyForDeploymentPostprocessing = 0;
		};
/* End PBXSourcesBuildPhase section */

/* Begin PBXVariantGroup section */
		4A80FE5122BD4F030086B371 /* Main.storyboard */ = {
			isa = PBXVariantGroup;
			children = (
				4A80FE5222BD4F030086B371 /* Base */,
			);
			name = Main.storyboard;
			sourceTree = "<group>";
		};
		4A80FE5622BD4F0B0086B371 /* LaunchScreen.storyboard */ = {
			isa = PBXVariantGroup;
			children = (
				4A80FE5722BD4F0B0086B371 /* Base */,
			);
			name = LaunchScreen.storyboard;
			sourceTree = "<group>";
		};
/* End PBXVariantGroup section */

/* Begin XCBuildConfiguration section */
		4A80FE5A22BD4F0B0086B371 /* Debug */ = {
			isa = XCBuildConfiguration;
			buildSettings = {
				ALWAYS_SEARCH_USER_PATHS = NO;
				CLANG_ANALYZER_NONNULL = YES;
				CLANG_ANALYZER_NUMBER_OBJECT_CONVERSION = YES_AGGRESSIVE;
				CLANG_CXX_LANGUAGE_STANDARD = "gnu++14";
				CLANG_CXX_LIBRARY = "libc++";
				CLANG_ENABLE_MODULES = YES;
				CLANG_ENABLE_OBJC_ARC = YES;
				CLANG_ENABLE_OBJC_WEAK = YES;
				CLANG_WARN_BLOCK_CAPTURE_AUTORELEASING = YES;
				CLANG_WARN_BOOL_CONVERSION = YES;
				CLANG_WARN_COMMA = YES;
				CLANG_WARN_CONSTANT_CONVERSION = YES;
				CLANG_WARN_DEPRECATED_OBJC_IMPLEMENTATIONS = YES;
				CLANG_WARN_DIRECT_OBJC_ISA_USAGE = YES_ERROR;
				CLANG_WARN_DOCUMENTATION_COMMENTS = YES;
				CLANG_WARN_EMPTY_BODY = YES;
				CLANG_WARN_ENUM_CONVERSION = YES;
				CLANG_WARN_INFINITE_RECURSION = YES;
				CLANG_WARN_INT_CONVERSION = YES;
				CLANG_WARN_NON_LITERAL_NULL_CONVERSION = YES;
				CLANG_WARN_OBJC_IMPLICIT_RETAIN_SELF = YES;
				CLANG_WARN_OBJC_LITERAL_CONVERSION = YES;
				CLANG_WARN_OBJC_ROOT_CLASS = YES_ERROR;
				CLANG_WARN_RANGE_LOOP_ANALYSIS = YES;
				CLANG_WARN_STRICT_PROTOTYPES = YES;
				CLANG_WARN_SUSPICIOUS_MOVE = YES;
				CLANG_WARN_UNGUARDED_AVAILABILITY = YES_AGGRESSIVE;
				CLANG_WARN_UNREACHABLE_CODE = YES;
				CLANG_WARN__DUPLICATE_METHOD_MATCH = YES;
				CODE_SIGN_IDENTITY = "iPhone Developer";
				COPY_PHASE_STRIP = NO;
				DEBUG_INFORMATION_FORMAT = dwarf;
				ENABLE_STRICT_OBJC_MSGSEND = YES;
				ENABLE_TESTABILITY = YES;
				GCC_C_LANGUAGE_STANDARD = gnu11;
				GCC_DYNAMIC_NO_PIC = NO;
				GCC_NO_COMMON_BLOCKS = YES;
				GCC_OPTIMIZATION_LEVEL = 0;
				GCC_PREPROCESSOR_DEFINITIONS = (
					"DEBUG=1",
					"$(inherited)",
				);
				GCC_WARN_64_TO_32_BIT_CONVERSION = YES;
				GCC_WARN_ABOUT_RETURN_TYPE = YES_ERROR;
				GCC_WARN_UNDECLARED_SELECTOR = YES;
				GCC_WARN_UNINITIALIZED_AUTOS = YES_AGGRESSIVE;
				GCC_WARN_UNUSED_FUNCTION = YES;
				GCC_WARN_UNUSED_VARIABLE = YES;
				IPHONEOS_DEPLOYMENT_TARGET = 12.2;
				MTL_ENABLE_DEBUG_INFO = INCLUDE_SOURCE;
				MTL_FAST_MATH = YES;
				ONLY_ACTIVE_ARCH = YES;
				SDKROOT = iphoneos;
				SWIFT_ACTIVE_COMPILATION_CONDITIONS = DEBUG;
				SWIFT_OPTIMIZATION_LEVEL = "-Onone";
			};
			name = Debug;
		};
		4A80FE5B22BD4F0B0086B371 /* Release */ = {
			isa = XCBuildConfiguration;
			buildSettings = {
				ALWAYS_SEARCH_USER_PATHS = NO;
				CLANG_ANALYZER_NONNULL = YES;
				CLANG_ANALYZER_NUMBER_OBJECT_CONVERSION = YES_AGGRESSIVE;
				CLANG_CXX_LANGUAGE_STANDARD = "gnu++14";
				CLANG_CXX_LIBRARY = "libc++";
				CLANG_ENABLE_MODULES = YES;
				CLANG_ENABLE_OBJC_ARC = YES;
				CLANG_ENABLE_OBJC_WEAK = YES;
				CLANG_WARN_BLOCK_CAPTURE_AUTORELEASING = YES;
				CLANG_WARN_BOOL_CONVERSION = YES;
				CLANG_WARN_COMMA = YES;
				CLANG_WARN_CONSTANT_CONVERSION = YES;
				CLANG_WARN_DEPRECATED_OBJC_IMPLEMENTATIONS = YES;
				CLANG_WARN_DIRECT_OBJC_ISA_USAGE = YES_ERROR;
				CLANG_WARN_DOCUMENTATION_COMMENTS = YES;
				CLANG_WARN_EMPTY_BODY = YES;
				CLANG_WARN_ENUM_CONVERSION = YES;
				CLANG_WARN_INFINITE_RECURSION = YES;
				CLANG_WARN_INT_CONVERSION = YES;
				CLANG_WARN_NON_LITERAL_NULL_CONVERSION = YES;
				CLANG_WARN_OBJC_IMPLICIT_RETAIN_SELF = YES;
				CLANG_WARN_OBJC_LITERAL_CONVERSION = YES;
				CLANG_WARN_OBJC_ROOT_CLASS = YES_ERROR;
				CLANG_WARN_RANGE_LOOP_ANALYSIS = YES;
				CLANG_WARN_STRICT_PROTOTYPES = YES;
				CLANG_WARN_SUSPICIOUS_MOVE = YES;
				CLANG_WARN_UNGUARDED_AVAILABILITY = YES_AGGRESSIVE;
				CLANG_WARN_UNREACHABLE_CODE = YES;
				CLANG_WARN__DUPLICATE_METHOD_MATCH = YES;
				CODE_SIGN_IDENTITY = "iPhone Developer";
				COPY_PHASE_STRIP = NO;
				DEBUG_INFORMATION_FORMAT = "dwarf-with-dsym";
				ENABLE_NS_ASSERTIONS = NO;
				ENABLE_STRICT_OBJC_MSGSEND = YES;
				GCC_C_LANGUAGE_STANDARD = gnu11;
				GCC_NO_COMMON_BLOCKS = YES;
				GCC_WARN_64_TO_32_BIT_CONVERSION = YES;
				GCC_WARN_ABOUT_RETURN_TYPE = YES_ERROR;
				GCC_WARN_UNDECLARED_SELECTOR = YES;
				GCC_WARN_UNINITIALIZED_AUTOS = YES_AGGRESSIVE;
				GCC_WARN_UNUSED_FUNCTION = YES;
				GCC_WARN_UNUSED_VARIABLE = YES;
				IPHONEOS_DEPLOYMENT_TARGET = 12.2;
				MTL_ENABLE_DEBUG_INFO = NO;
				MTL_FAST_MATH = YES;
				SDKROOT = iphoneos;
				SWIFT_COMPILATION_MODE = wholemodule;
				SWIFT_OPTIMIZATION_LEVEL = "-O";
				VALIDATE_PRODUCT = YES;
			};
			name = Release;
		};
		4A80FE5D22BD4F0B0086B371 /* Debug */ = {
			isa = XCBuildConfiguration;
			buildSettings = {
				ASSETCATALOG_COMPILER_APPICON_NAME = AppIcon;
				CODE_SIGN_STYLE = Automatic;
				DEVELOPMENT_TEAM = P2ZL62285Z;
				INFOPLIST_FILE = imgReq/Info.plist;
				LD_RUNPATH_SEARCH_PATHS = (
					"$(inherited)",
					"@executable_path/Frameworks",
				);
				PRODUCT_BUNDLE_IDENTIFIER = ca.yarapps.imgReq;
				PRODUCT_NAME = "$(TARGET_NAME)";
				SWIFT_VERSION = 5.0;
				TARGETED_DEVICE_FAMILY = "1,2";
			};
			name = Debug;
		};
		4A80FE5E22BD4F0B0086B371 /* Release */ = {
			isa = XCBuildConfiguration;
			buildSettings = {
				ASSETCATALOG_COMPILER_APPICON_NAME = AppIcon;
				CODE_SIGN_STYLE = Automatic;
				DEVELOPMENT_TEAM = P2ZL62285Z;
				INFOPLIST_FILE = imgReq/Info.plist;
				LD_RUNPATH_SEARCH_PATHS = (
					"$(inherited)",
					"@executable_path/Frameworks",
				);
				PRODUCT_BUNDLE_IDENTIFIER = ca.yarapps.imgReq;
				PRODUCT_NAME = "$(TARGET_NAME)";
				SWIFT_VERSION = 5.0;
				TARGETED_DEVICE_FAMILY = "1,2";
			};
			name = Release;
		};
/* End XCBuildConfiguration section */

/* Begin XCConfigurationList section */
		4A80FE4522BD4F030086B371 /* Build configuration list for PBXProject "imgReq" */ = {
			isa = XCConfigurationList;
			buildConfigurations = (
				4A80FE5A22BD4F0B0086B371 /* Debug */,
				4A80FE5B22BD4F0B0086B371 /* Release */,
			);
			defaultConfigurationIsVisible = 0;
			defaultConfigurationName = Release;
		};
		4A80FE5C22BD4F0B0086B371 /* Build configuration list for PBXNativeTarget "imgReq" */ = {
			isa = XCConfigurationList;
			buildConfigurations = (
				4A80FE5D22BD4F0B0086B371 /* Debug */,
				4A80FE5E22BD4F0B0086B371 /* Release */,
			);
			defaultConfigurationIsVisible = 0;
			defaultConfigurationName = Release;
		};
/* End XCConfigurationList section */
	};
	rootObject = 4A80FE4222BD4F030086B371 /* Project object */;
}
